
Microsoft Visual Studio Solution File, Format Version 12.00
# Visual Studio Version 16
VisualStudioVersion = 16.0.30503.244
MinimumVisualStudioVersion = 10.0.40219.1
Project("{FAE04EC0-301F-11D3-BF4B-00C04F79EFBC}") = "ExercicioProposto_MetodosAbstratos", "ExercicioProposto_MetodosAbstratos\ExercicioProposto_MetodosAbstratos.csproj", "{1D477BDE-0308-4017-9CE7-92D636EF5557}"
EndProject
Global
	GlobalSection(SolutionConfigurationPlatforms) = preSolution
		Debug|Any CPU = Debug|Any CPU
		Release|Any CPU = Release|Any CPU
	EndGlobalSection
	GlobalSection(ProjectConfigurationPlatforms) = postSolution
		{1D477BDE-0308-4017-9CE7-92D636EF5557}.Debug|Any CPU.ActiveCfg = Debug|Any CPU
		{1D477BDE-0308-4017-9CE7-92D636EF5557}.Debug|Any CPU.Build.0 = Debug|Any CPU
		{1D477BDE-0308-4017-9CE7-92D636EF5557}.Release|Any CPU.ActiveCfg = Release|Any CPU
		{1D477BDE-0308-4017-9CE7-92D636EF5557}.Release|Any CPU.Build.0 = Release|Any CPU
	EndGlobalSection
	GlobalSection(SolutionProperties) = preSolution
		HideSolutionNode = FALSE
	EndGlobalSection
	GlobalSection(ExtensibilityGlobals) = postSolution
		SolutionGuid = {52F3A516-2B87-4ACD-84D1-EF438DA156B0}
	EndGlobalSection
EndGlobal
